
Microsoft Visual Studio Solution File, Format Version 12.00
# Visual Studio Version 16
VisualStudioVersion = 16.0.30011.22
MinimumVisualStudioVersion = 10.0.40219.1
Project("{9A19103F-16F7-4668-BE54-9A1E7A4F7556}") = "grabber", "grabber\grabber.csproj", "{19AF8179-CFC8-4071-952F-E89C9863D745}"
EndProject
Project("{9A19103F-16F7-4668-BE54-9A1E7A4F7556}") = "Jumble.ExternalCacheManager", "Jumble.ExternalCacheManager\Jumble.ExternalCacheManager.csproj", "{8AA3C742-CB44-4424-BE15-0FA58EF8E8B7}"
EndProject
Project("{9A19103F-16F7-4668-BE54-9A1E7A4F7556}") = "SQLManager.Core", "SQLManager.Core\SQLManager.Core.csproj", "{63FD2AB6-D5C4-46B4-81F3-3AA3A3DA245C}"
EndProject
Project("{FAE04EC0-301F-11D3-BF4B-00C04F79EFBC}") = "SOM.BudgetVSTO", "SOM.BudgetVSTO\SOM.BudgetVSTO.csproj", "{6E730C8B-E0BB-45B4-8DAF-44E67257932B}"
EndProject
Project("{FAE04EC0-301F-11D3-BF4B-00C04F79EFBC}") = "grabber.CacheManager", "grabber.CacheManager\grabber.CacheManager.csproj", "{8A13F03B-0980-4B50-9D23-FD2D7CD2DC08}"
EndProject
Global
	GlobalSection(SolutionConfigurationPlatforms) = preSolution
		Debug|Any CPU = Debug|Any CPU
		Release|Any CPU = Release|Any CPU
	EndGlobalSection
	GlobalSection(ProjectConfigurationPlatforms) = postSolution
		{19AF8179-CFC8-4071-952F-E89C9863D745}.Debug|Any CPU.ActiveCfg = Debug|Any CPU
		{19AF8179-CFC8-4071-952F-E89C9863D745}.Debug|Any CPU.Build.0 = Debug|Any CPU
		{19AF8179-CFC8-4071-952F-E89C9863D745}.Release|Any CPU.ActiveCfg = Release|Any CPU
		{19AF8179-CFC8-4071-952F-E89C9863D745}.Release|Any CPU.Build.0 = Release|Any CPU
		{8AA3C742-CB44-4424-BE15-0FA58EF8E8B7}.Debug|Any CPU.ActiveCfg = Debug|Any CPU
		{8AA3C742-CB44-4424-BE15-0FA58EF8E8B7}.Debug|Any CPU.Build.0 = Debug|Any CPU
		{8AA3C742-CB44-4424-BE15-0FA58EF8E8B7}.Release|Any CPU.ActiveCfg = Release|Any CPU
		{8AA3C742-CB44-4424-BE15-0FA58EF8E8B7}.Release|Any CPU.Build.0 = Release|Any CPU
		{63FD2AB6-D5C4-46B4-81F3-3AA3A3DA245C}.Debug|Any CPU.ActiveCfg = Debug|Any CPU
		{63FD2AB6-D5C4-46B4-81F3-3AA3A3DA245C}.Debug|Any CPU.Build.0 = Debug|Any CPU
		{63FD2AB6-D5C4-46B4-81F3-3AA3A3DA245C}.Release|Any CPU.ActiveCfg = Release|Any CPU
		{63FD2AB6-D5C4-46B4-81F3-3AA3A3DA245C}.Release|Any CPU.Build.0 = Release|Any CPU
		{6E730C8B-E0BB-45B4-8DAF-44E67257932B}.Debug|Any CPU.ActiveCfg = Debug|Any CPU
		{6E730C8B-E0BB-45B4-8DAF-44E67257932B}.Debug|Any CPU.Build.0 = Debug|Any CPU
		{6E730C8B-E0BB-45B4-8DAF-44E67257932B}.Release|Any CPU.ActiveCfg = Release|Any CPU
		{6E730C8B-E0BB-45B4-8DAF-44E67257932B}.Release|Any CPU.Build.0 = Release|Any CPU
		{8A13F03B-0980-4B50-9D23-FD2D7CD2DC08}.Debug|Any CPU.ActiveCfg = Debug|Any CPU
		{8A13F03B-0980-4B50-9D23-FD2D7CD2DC08}.Debug|Any CPU.Build.0 = Debug|Any CPU
		{8A13F03B-0980-4B50-9D23-FD2D7CD2DC08}.Release|Any CPU.ActiveCfg = Release|Any CPU
		{8A13F03B-0980-4B50-9D23-FD2D7CD2DC08}.Release|Any CPU.Build.0 = Release|Any CPU
	EndGlobalSection
	GlobalSection(SolutionProperties) = preSolution
		HideSolutionNode = FALSE
	EndGlobalSection
	GlobalSection(ExtensibilityGlobals) = postSolution
		SolutionGuid = {131372B6-C6F5-42C6-B1C3-DC3C97492D04}
	EndGlobalSection
EndGlobal
